
Microsoft Visual Studio Solution File, Format Version 12.00
# Visual Studio Version 17
VisualStudioVersion = 17.14.36511.14 d17.14
MinimumVisualStudioVersion = 10.0.40219.1
Project("{FAE04EC0-301F-11D3-BF4B-00C04F79EFBC}") = "praktik6.2_bunga_xpplg1", "praktik6.2_bunga_xpplg1\praktik6.2_bunga_xpplg1.csproj", "{594323D8-94ED-41E0-A3FA-C8AFC37C3F15}"
EndProject
Global
	GlobalSection(SolutionConfigurationPlatforms) = preSolution
		Debug|Any CPU = Debug|Any CPU
		Release|Any CPU = Release|Any CPU
	EndGlobalSection
	GlobalSection(ProjectConfigurationPlatforms) = postSolution
		{594323D8-94ED-41E0-A3FA-C8AFC37C3F15}.Debug|Any CPU.ActiveCfg = Debug|Any CPU
		{594323D8-94ED-41E0-A3FA-C8AFC37C3F15}.Debug|Any CPU.Build.0 = Debug|Any CPU
		{594323D8-94ED-41E0-A3FA-C8AFC37C3F15}.Release|Any CPU.ActiveCfg = Release|Any CPU
		{594323D8-94ED-41E0-A3FA-C8AFC37C3F15}.Release|Any CPU.Build.0 = Release|Any CPU
	EndGlobalSection
	GlobalSection(SolutionProperties) = preSolution
		HideSolutionNode = FALSE
	EndGlobalSection
	GlobalSection(ExtensibilityGlobals) = postSolution
		SolutionGuid = {D33B3BAF-989C-4843-BDDF-21A13AC74949}
	EndGlobalSection
EndGlobal
