
Microsoft Visual Studio Solution File, Format Version 12.00
# Visual Studio Version 17
VisualStudioVersion = 17.14.36511.14 d17.14
MinimumVisualStudioVersion = 10.0.40219.1
Project("{FAE04EC0-301F-11D3-BF4B-00C04F79EFBC}") = "praktik_5.1_bunga_xpplg1", "praktik_5.1_bunga_xpplg1\praktik_5.1_bunga_xpplg1.csproj", "{BE7A3340-1782-47D2-A986-41BEC4B00B8C}"
EndProject
Global
	GlobalSection(SolutionConfigurationPlatforms) = preSolution
		Debug|Any CPU = Debug|Any CPU
		Release|Any CPU = Release|Any CPU
	EndGlobalSection
	GlobalSection(ProjectConfigurationPlatforms) = postSolution
		{BE7A3340-1782-47D2-A986-41BEC4B00B8C}.Debug|Any CPU.ActiveCfg = Debug|Any CPU
		{BE7A3340-1782-47D2-A986-41BEC4B00B8C}.Debug|Any CPU.Build.0 = Debug|Any CPU
		{BE7A3340-1782-47D2-A986-41BEC4B00B8C}.Release|Any CPU.ActiveCfg = Release|Any CPU
		{BE7A3340-1782-47D2-A986-41BEC4B00B8C}.Release|Any CPU.Build.0 = Release|Any CPU
	EndGlobalSection
	GlobalSection(SolutionProperties) = preSolution
		HideSolutionNode = FALSE
	EndGlobalSection
	GlobalSection(ExtensibilityGlobals) = postSolution
		SolutionGuid = {4CFB14D6-F36B-4108-AD88-462104533C5D}
	EndGlobalSection
EndGlobal
